
Microsoft Visual Studio Solution File, Format Version 12.00
# Visual Studio Version 16
VisualStudioVersion = 16.0.30717.126
MinimumVisualStudioVersion = 10.0.40219.1
Project("{FAE04EC0-301F-11D3-BF4B-00C04F79EFBC}") = "AluraTunesEF", "AluraTunesEF\AluraTunesEF.csproj", "{98D9F89D-CD55-4CC1-AA8E-E7E723687650}"
EndProject
Project("{FAE04EC0-301F-11D3-BF4B-00C04F79EFBC}") = "Aula1", "Aula1\Aula1.csproj", "{01B9ABD5-ABD7-40FA-9DCC-C79746423296}"
EndProject
Project("{FAE04EC0-301F-11D3-BF4B-00C04F79EFBC}") = "Aula3-Subconsulta", "Aula3-Subconsulta\Aula3-Subconsulta.csproj", "{3139CD5F-A2B6-4128-BDCD-4C19E1A0CA26}"
EndProject
Project("{FAE04EC0-301F-11D3-BF4B-00C04F79EFBC}") = "Aula4 -Produto Mais Vendido", "Aula4 -Produto Mais Vendido\Aula4 -Produto Mais Vendido.csproj", "{F92F4EAE-6403-4254-8107-E5EAF09A64D8}"
EndProject
Project("{FAE04EC0-301F-11D3-BF4B-00C04F79EFBC}") = "Aula5-IndicacaoCompra", "Aula5-IndicacaoCompra\Aula5-IndicacaoCompra.csproj", "{C616710D-52B3-483B-8D54-19A1803D980F}"
EndProject
Global
	GlobalSection(SolutionConfigurationPlatforms) = preSolution
		Debug|Any CPU = Debug|Any CPU
		Release|Any CPU = Release|Any CPU
	EndGlobalSection
	GlobalSection(ProjectConfigurationPlatforms) = postSolution
		{98D9F89D-CD55-4CC1-AA8E-E7E723687650}.Debug|Any CPU.ActiveCfg = Debug|Any CPU
		{98D9F89D-CD55-4CC1-AA8E-E7E723687650}.Debug|Any CPU.Build.0 = Debug|Any CPU
		{98D9F89D-CD55-4CC1-AA8E-E7E723687650}.Release|Any CPU.ActiveCfg = Release|Any CPU
		{98D9F89D-CD55-4CC1-AA8E-E7E723687650}.Release|Any CPU.Build.0 = Release|Any CPU
		{01B9ABD5-ABD7-40FA-9DCC-C79746423296}.Debug|Any CPU.ActiveCfg = Debug|Any CPU
		{01B9ABD5-ABD7-40FA-9DCC-C79746423296}.Debug|Any CPU.Build.0 = Debug|Any CPU
		{01B9ABD5-ABD7-40FA-9DCC-C79746423296}.Release|Any CPU.ActiveCfg = Release|Any CPU
		{01B9ABD5-ABD7-40FA-9DCC-C79746423296}.Release|Any CPU.Build.0 = Release|Any CPU
		{3139CD5F-A2B6-4128-BDCD-4C19E1A0CA26}.Debug|Any CPU.ActiveCfg = Debug|Any CPU
		{3139CD5F-A2B6-4128-BDCD-4C19E1A0CA26}.Debug|Any CPU.Build.0 = Debug|Any CPU
		{3139CD5F-A2B6-4128-BDCD-4C19E1A0CA26}.Release|Any CPU.ActiveCfg = Release|Any CPU
		{3139CD5F-A2B6-4128-BDCD-4C19E1A0CA26}.Release|Any CPU.Build.0 = Release|Any CPU
		{F92F4EAE-6403-4254-8107-E5EAF09A64D8}.Debug|Any CPU.ActiveCfg = Debug|Any CPU
		{F92F4EAE-6403-4254-8107-E5EAF09A64D8}.Debug|Any CPU.Build.0 = Debug|Any CPU
		{F92F4EAE-6403-4254-8107-E5EAF09A64D8}.Release|Any CPU.ActiveCfg = Release|Any CPU
		{F92F4EAE-6403-4254-8107-E5EAF09A64D8}.Release|Any CPU.Build.0 = Release|Any CPU
		{C616710D-52B3-483B-8D54-19A1803D980F}.Debug|Any CPU.ActiveCfg = Debug|Any CPU
		{C616710D-52B3-483B-8D54-19A1803D980F}.Debug|Any CPU.Build.0 = Debug|Any CPU
		{C616710D-52B3-483B-8D54-19A1803D980F}.Release|Any CPU.ActiveCfg = Release|Any CPU
		{C616710D-52B3-483B-8D54-19A1803D980F}.Release|Any CPU.Build.0 = Release|Any CPU
	EndGlobalSection
	GlobalSection(SolutionProperties) = preSolution
		HideSolutionNode = FALSE
	EndGlobalSection
	GlobalSection(ExtensibilityGlobals) = postSolution
		SolutionGuid = {C1EC3C9C-826C-44CC-971F-34EC6EFB7F16}
	EndGlobalSection
EndGlobal
